
Microsoft Visual Studio Solution File, Format Version 12.00
# Visual Studio Version 16
VisualStudioVersion = 16.0.30225.117
MinimumVisualStudioVersion = 10.0.40219.1
Project("{9A19103F-16F7-4668-BE54-9A1E7A4F7556}") = "Class_Box_Data", "Class Box Data\Class_Box_Data.csproj", "{83381542-D8CE-4E14-B19C-D3B9D07FAAF5}"
EndProject
Project("{9A19103F-16F7-4668-BE54-9A1E7A4F7556}") = "AnimalFarm", "AnimalFarm\AnimalFarm\AnimalFarm.csproj", "{595723F7-9080-472D-9760-46DE71827534}"
EndProject
Project("{FAE04EC0-301F-11D3-BF4B-00C04F79EFBC}") = "ShoppingSpree", "ShoppingSpree\ShoppingSpree.csproj", "{1F1E9ABF-5479-4AFD-BE9E-DA3C9EAC9668}"
EndProject
Global
	GlobalSection(SolutionConfigurationPlatforms) = preSolution
		Debug|Any CPU = Debug|Any CPU
		Release|Any CPU = Release|Any CPU
	EndGlobalSection
	GlobalSection(ProjectConfigurationPlatforms) = postSolution
		{83381542-D8CE-4E14-B19C-D3B9D07FAAF5}.Debug|Any CPU.ActiveCfg = Debug|Any CPU
		{83381542-D8CE-4E14-B19C-D3B9D07FAAF5}.Debug|Any CPU.Build.0 = Debug|Any CPU
		{83381542-D8CE-4E14-B19C-D3B9D07FAAF5}.Release|Any CPU.ActiveCfg = Release|Any CPU
		{83381542-D8CE-4E14-B19C-D3B9D07FAAF5}.Release|Any CPU.Build.0 = Release|Any CPU
		{595723F7-9080-472D-9760-46DE71827534}.Debug|Any CPU.ActiveCfg = Debug|Any CPU
		{595723F7-9080-472D-9760-46DE71827534}.Debug|Any CPU.Build.0 = Debug|Any CPU
		{595723F7-9080-472D-9760-46DE71827534}.Release|Any CPU.ActiveCfg = Release|Any CPU
		{595723F7-9080-472D-9760-46DE71827534}.Release|Any CPU.Build.0 = Release|Any CPU
		{1F1E9ABF-5479-4AFD-BE9E-DA3C9EAC9668}.Debug|Any CPU.ActiveCfg = Debug|Any CPU
		{1F1E9ABF-5479-4AFD-BE9E-DA3C9EAC9668}.Debug|Any CPU.Build.0 = Debug|Any CPU
		{1F1E9ABF-5479-4AFD-BE9E-DA3C9EAC9668}.Release|Any CPU.ActiveCfg = Release|Any CPU
		{1F1E9ABF-5479-4AFD-BE9E-DA3C9EAC9668}.Release|Any CPU.Build.0 = Release|Any CPU
	EndGlobalSection
	GlobalSection(SolutionProperties) = preSolution
		HideSolutionNode = FALSE
	EndGlobalSection
	GlobalSection(ExtensibilityGlobals) = postSolution
		SolutionGuid = {7FFE4465-A11F-4E06-A926-8EDFC02D5125}
	EndGlobalSection
EndGlobal
