
Microsoft Visual Studio Solution File, Format Version 12.00
# Visual Studio Version 16
VisualStudioVersion = 16.0.30204.135
MinimumVisualStudioVersion = 10.0.40219.1
Project("{9A19103F-16F7-4668-BE54-9A1E7A4F7556}") = "Farm", "Farm.csproj", "{225D0D28-3C7E-49EB-9947-7FFEE9D4BA89}"
EndProject
Project("{FAE04EC0-301F-11D3-BF4B-00C04F79EFBC}") = "CustomRandomList", "..\CustomRandomList\CustomRandomList.csproj", "{F9A5C562-61E0-4DDB-B54A-42E204457564}"
EndProject
Project("{FAE04EC0-301F-11D3-BF4B-00C04F79EFBC}") = "CustomStack", "..\CustomStack\CustomStack.csproj", "{EB68C254-CC91-49C4-A8FB-0E2026EC6A13}"
EndProject
Global
	GlobalSection(SolutionConfigurationPlatforms) = preSolution
		Debug|Any CPU = Debug|Any CPU
		Release|Any CPU = Release|Any CPU
	EndGlobalSection
	GlobalSection(ProjectConfigurationPlatforms) = postSolution
		{225D0D28-3C7E-49EB-9947-7FFEE9D4BA89}.Debug|Any CPU.ActiveCfg = Debug|Any CPU
		{225D0D28-3C7E-49EB-9947-7FFEE9D4BA89}.Debug|Any CPU.Build.0 = Debug|Any CPU
		{225D0D28-3C7E-49EB-9947-7FFEE9D4BA89}.Release|Any CPU.ActiveCfg = Release|Any CPU
		{225D0D28-3C7E-49EB-9947-7FFEE9D4BA89}.Release|Any CPU.Build.0 = Release|Any CPU
		{F9A5C562-61E0-4DDB-B54A-42E204457564}.Debug|Any CPU.ActiveCfg = Debug|Any CPU
		{F9A5C562-61E0-4DDB-B54A-42E204457564}.Debug|Any CPU.Build.0 = Debug|Any CPU
		{F9A5C562-61E0-4DDB-B54A-42E204457564}.Release|Any CPU.ActiveCfg = Release|Any CPU
		{F9A5C562-61E0-4DDB-B54A-42E204457564}.Release|Any CPU.Build.0 = Release|Any CPU
		{EB68C254-CC91-49C4-A8FB-0E2026EC6A13}.Debug|Any CPU.ActiveCfg = Debug|Any CPU
		{EB68C254-CC91-49C4-A8FB-0E2026EC6A13}.Debug|Any CPU.Build.0 = Debug|Any CPU
		{EB68C254-CC91-49C4-A8FB-0E2026EC6A13}.Release|Any CPU.ActiveCfg = Release|Any CPU
		{EB68C254-CC91-49C4-A8FB-0E2026EC6A13}.Release|Any CPU.Build.0 = Release|Any CPU
	EndGlobalSection
	GlobalSection(SolutionProperties) = preSolution
		HideSolutionNode = FALSE
	EndGlobalSection
	GlobalSection(ExtensibilityGlobals) = postSolution
		SolutionGuid = {F07A40AC-D980-4686-B7F3-CF04CC147173}
	EndGlobalSection
EndGlobal
