
Microsoft Visual Studio Solution File, Format Version 12.00
# Visual Studio Version 16
VisualStudioVersion = 16.0.30225.117
MinimumVisualStudioVersion = 10.0.40219.1
Project("{9A19103F-16F7-4668-BE54-9A1E7A4F7556}") = "Vehicles", "Vehicles\Vehicles.csproj", "{100107FA-DDE7-439C-9488-5074CBE04E84}"
EndProject
Project("{9A19103F-16F7-4668-BE54-9A1E7A4F7556}") = "VehiclesExtension", "Vehicles Extension\VehiclesExtension.csproj", "{404D8CFA-8AF1-48EE-B381-C7D50BBF8D76}"
EndProject
Global
	GlobalSection(SolutionConfigurationPlatforms) = preSolution
		Debug|Any CPU = Debug|Any CPU
		Release|Any CPU = Release|Any CPU
	EndGlobalSection
	GlobalSection(ProjectConfigurationPlatforms) = postSolution
		{100107FA-DDE7-439C-9488-5074CBE04E84}.Debug|Any CPU.ActiveCfg = Debug|Any CPU
		{100107FA-DDE7-439C-9488-5074CBE04E84}.Debug|Any CPU.Build.0 = Debug|Any CPU
		{100107FA-DDE7-439C-9488-5074CBE04E84}.Release|Any CPU.ActiveCfg = Release|Any CPU
		{100107FA-DDE7-439C-9488-5074CBE04E84}.Release|Any CPU.Build.0 = Release|Any CPU
		{404D8CFA-8AF1-48EE-B381-C7D50BBF8D76}.Debug|Any CPU.ActiveCfg = Debug|Any CPU
		{404D8CFA-8AF1-48EE-B381-C7D50BBF8D76}.Debug|Any CPU.Build.0 = Debug|Any CPU
		{404D8CFA-8AF1-48EE-B381-C7D50BBF8D76}.Release|Any CPU.ActiveCfg = Release|Any CPU
		{404D8CFA-8AF1-48EE-B381-C7D50BBF8D76}.Release|Any CPU.Build.0 = Release|Any CPU
	EndGlobalSection
	GlobalSection(SolutionProperties) = preSolution
		HideSolutionNode = FALSE
	EndGlobalSection
	GlobalSection(ExtensibilityGlobals) = postSolution
		SolutionGuid = {1113A83B-4C15-4C68-AFED-01FF195B48D1}
	EndGlobalSection
EndGlobal
