
Microsoft Visual Studio Solution File, Format Version 12.00
# Visual Studio Version 16
VisualStudioVersion = 16.0.30225.117
MinimumVisualStudioVersion = 10.0.40219.1
Project("{FAE04EC0-301F-11D3-BF4B-00C04F79EFBC}") = "MathOperation", "MathOperation\MathOperation.csproj", "{CF38422A-656E-42BA-BA50-2373C41581FE}"
EndProject
Project("{FAE04EC0-301F-11D3-BF4B-00C04F79EFBC}") = "Animals", "Animals\Animals.csproj", "{C82397A6-A00C-412F-90F1-14D01A9C9A50}"
EndProject
Project("{FAE04EC0-301F-11D3-BF4B-00C04F79EFBC}") = "Shapes", "Shapes\Shapes.csproj", "{35B7BFCE-2F90-40C7-811B-CF228FD32F23}"
EndProject
Global
	GlobalSection(SolutionConfigurationPlatforms) = preSolution
		Debug|Any CPU = Debug|Any CPU
		Release|Any CPU = Release|Any CPU
	EndGlobalSection
	GlobalSection(ProjectConfigurationPlatforms) = postSolution
		{CF38422A-656E-42BA-BA50-2373C41581FE}.Debug|Any CPU.ActiveCfg = Debug|Any CPU
		{CF38422A-656E-42BA-BA50-2373C41581FE}.Debug|Any CPU.Build.0 = Debug|Any CPU
		{CF38422A-656E-42BA-BA50-2373C41581FE}.Release|Any CPU.ActiveCfg = Release|Any CPU
		{CF38422A-656E-42BA-BA50-2373C41581FE}.Release|Any CPU.Build.0 = Release|Any CPU
		{C82397A6-A00C-412F-90F1-14D01A9C9A50}.Debug|Any CPU.ActiveCfg = Debug|Any CPU
		{C82397A6-A00C-412F-90F1-14D01A9C9A50}.Debug|Any CPU.Build.0 = Debug|Any CPU
		{C82397A6-A00C-412F-90F1-14D01A9C9A50}.Release|Any CPU.ActiveCfg = Release|Any CPU
		{C82397A6-A00C-412F-90F1-14D01A9C9A50}.Release|Any CPU.Build.0 = Release|Any CPU
		{35B7BFCE-2F90-40C7-811B-CF228FD32F23}.Debug|Any CPU.ActiveCfg = Debug|Any CPU
		{35B7BFCE-2F90-40C7-811B-CF228FD32F23}.Debug|Any CPU.Build.0 = Debug|Any CPU
		{35B7BFCE-2F90-40C7-811B-CF228FD32F23}.Release|Any CPU.ActiveCfg = Release|Any CPU
		{35B7BFCE-2F90-40C7-811B-CF228FD32F23}.Release|Any CPU.Build.0 = Release|Any CPU
	EndGlobalSection
	GlobalSection(SolutionProperties) = preSolution
		HideSolutionNode = FALSE
	EndGlobalSection
	GlobalSection(ExtensibilityGlobals) = postSolution
		SolutionGuid = {17FEFBC1-BD4E-4E59-8560-B9865EC790DB}
	EndGlobalSection
EndGlobal
