
Microsoft Visual Studio Solution File, Format Version 12.00
# Visual Studio Version 16
VisualStudioVersion = 16.0.30320.27
MinimumVisualStudioVersion = 10.0.40219.1
Project("{FAE04EC0-301F-11D3-BF4B-00C04F79EFBC}") = "01Prototype", "01Prototype\01Prototype.csproj", "{39A04246-16BF-47A0-9B60-42715576659F}"
EndProject
Project("{FAE04EC0-301F-11D3-BF4B-00C04F79EFBC}") = "02Composite", "02Composite\02Composite.csproj", "{BCFE5975-14E2-41CC-97E0-2BEE3226B6D9}"
EndProject
Project("{FAE04EC0-301F-11D3-BF4B-00C04F79EFBC}") = "03TemplatePattern", "03TemplatePattern\03TemplatePattern.csproj", "{6C2125E4-7C64-48C0-8C60-7FEE82AA2E50}"
EndProject
Global
	GlobalSection(SolutionConfigurationPlatforms) = preSolution
		Debug|Any CPU = Debug|Any CPU
		Release|Any CPU = Release|Any CPU
	EndGlobalSection
	GlobalSection(ProjectConfigurationPlatforms) = postSolution
		{39A04246-16BF-47A0-9B60-42715576659F}.Debug|Any CPU.ActiveCfg = Debug|Any CPU
		{39A04246-16BF-47A0-9B60-42715576659F}.Debug|Any CPU.Build.0 = Debug|Any CPU
		{39A04246-16BF-47A0-9B60-42715576659F}.Release|Any CPU.ActiveCfg = Release|Any CPU
		{39A04246-16BF-47A0-9B60-42715576659F}.Release|Any CPU.Build.0 = Release|Any CPU
		{BCFE5975-14E2-41CC-97E0-2BEE3226B6D9}.Debug|Any CPU.ActiveCfg = Debug|Any CPU
		{BCFE5975-14E2-41CC-97E0-2BEE3226B6D9}.Debug|Any CPU.Build.0 = Debug|Any CPU
		{BCFE5975-14E2-41CC-97E0-2BEE3226B6D9}.Release|Any CPU.ActiveCfg = Release|Any CPU
		{BCFE5975-14E2-41CC-97E0-2BEE3226B6D9}.Release|Any CPU.Build.0 = Release|Any CPU
		{6C2125E4-7C64-48C0-8C60-7FEE82AA2E50}.Debug|Any CPU.ActiveCfg = Debug|Any CPU
		{6C2125E4-7C64-48C0-8C60-7FEE82AA2E50}.Debug|Any CPU.Build.0 = Debug|Any CPU
		{6C2125E4-7C64-48C0-8C60-7FEE82AA2E50}.Release|Any CPU.ActiveCfg = Release|Any CPU
		{6C2125E4-7C64-48C0-8C60-7FEE82AA2E50}.Release|Any CPU.Build.0 = Release|Any CPU
	EndGlobalSection
	GlobalSection(SolutionProperties) = preSolution
		HideSolutionNode = FALSE
	EndGlobalSection
	GlobalSection(ExtensibilityGlobals) = postSolution
		SolutionGuid = {5DA7E1E7-1086-4EBD-936E-74A92EFC9A6F}
	EndGlobalSection
EndGlobal
